{
  "version": 4,
  "terraform_version": "1.11.2",
  "serial": 65,
  "lineage": "03cf487b-a692-1460-8f9d-f22801ab12eb",
  "outputs": {
    "bigquery_dataset_id": {
      "value": "api_ingestion_dataset",
      "type": "string"
    },
    "bigquery_table_full_name": {
      "value": "dt-emea-pod-hopper-05-dev.api_ingestion_dataset.api_data",
      "type": "string"
    },
    "bigquery_table_id": {
      "value": "api_data",
      "type": "string"
    },
    "bigquery_view_full_name": {
      "value": "dt-emea-pod-hopper-05-dev.api_ingestion_dataset.api_data_view",
      "type": "string"
    },
    "cloud_run_url": {
      "value": "https://api-ingest-424zvnon7q-ew.a.run.app",
      "type": "string"
    }
  },
  "resources": [
    {
      "mode": "managed",
      "type": "google_bigquery_dataset",
      "name": "api_dataset",
      "provider": "provider[\"registry.terraform.io/hashicorp/google\"]",
      "instances": [
        {
          "schema_version": 0,
          "attributes": {
            "access": [
              {
                "dataset": [],
                "domain": "",
                "group_by_email": "",
                "role": "OWNER",
                "routine": [],
                "special_group": "",
                "user_by_email": "olga.isakova@datatonic.com",
                "view": []
              },
              {
                "dataset": [],
                "domain": "",
                "group_by_email": "",
                "role": "OWNER",
                "routine": [],
                "special_group": "projectOwners",
                "user_by_email": "",
                "view": []
              },
              {
                "dataset": [],
                "domain": "",
                "group_by_email": "",
                "role": "READER",
                "routine": [],
                "special_group": "projectReaders",
                "user_by_email": "",
                "view": []
              },
              {
                "dataset": [],
                "domain": "",
                "group_by_email": "",
                "role": "WRITER",
                "routine": [],
                "special_group": "projectWriters",
                "user_by_email": "",
                "view": []
              }
            ],
            "creation_time": 1751544421122,
            "dataset_id": "api_ingestion_dataset",
            "default_collation": "",
            "default_encryption_configuration": [],
            "default_partition_expiration_ms": 0,
            "default_table_expiration_ms": 0,
            "delete_contents_on_destroy": false,
            "description": "Dataset for storing API ingestion data from various public APIs",
            "etag": "vblH5J/3lMU7anVVj1AGIQ==",
            "friendly_name": "API Ingestion Dataset",
            "id": "projects/dt-emea-pod-hopper-05-dev/datasets/api_ingestion_dataset",
            "is_case_insensitive": false,
            "labels": {
              "env": "production",
              "team": "data-engineering"
            },
            "last_modified_time": 1751544932909,
            "location": "europe-west1",
            "max_time_travel_hours": "168",
            "project": "dt-emea-pod-hopper-05-dev",
            "self_link": "https://bigquery.googleapis.com/bigquery/v2/projects/dt-emea-pod-hopper-05-dev/datasets/api_ingestion_dataset",
            "storage_billing_model": "",
            "timeouts": null
          },
          "sensitive_attributes": [],
          "private": "eyJlMmJmYjczMC1lY2FhLTExZTYtOGY4OC0zNDM2M2JjN2M0YzAiOnsiY3JlYXRlIjoxMjAwMDAwMDAwMDAwLCJkZWxldGUiOjEyMDAwMDAwMDAwMDAsInVwZGF0ZSI6MTIwMDAwMDAwMDAwMH19"
        }
      ]
    },
    {
      "mode": "managed",
      "type": "google_bigquery_table",
      "name": "api_data_view",
      "provider": "provider[\"registry.terraform.io/hashicorp/google\"]",
      "instances": [
        {
          "schema_version": 0,
          "attributes": {
            "clustering": null,
            "creation_time": 1751544934481,
            "dataset_id": "api_ingestion_dataset",
            "deletion_protection": true,
            "description": "",
            "encryption_configuration": [],
            "etag": "gByrS+luMCyYU+6NeokIvA==",
            "expiration_time": 0,
            "external_data_configuration": [],
            "friendly_name": "",
            "id": "projects/dt-emea-pod-hopper-05-dev/datasets/api_ingestion_dataset/tables/api_data_view",
            "labels": {},
            "last_modified_time": 1751544934734,
            "location": "europe-west1",
            "materialized_view": [],
            "max_staleness": "",
            "num_bytes": 0,
            "num_long_term_bytes": 0,
            "num_rows": 0,
            "project": "dt-emea-pod-hopper-05-dev",
            "range_partitioning": [],
            "schema": "[{\"mode\":\"NULLABLE\",\"name\":\"test\",\"type\":\"STRING\"},{\"mode\":\"NULLABLE\",\"name\":\"source_file\",\"type\":\"STRING\"}]",
            "self_link": "https://bigquery.googleapis.com/bigquery/v2/projects/dt-emea-pod-hopper-05-dev/datasets/api_ingestion_dataset/tables/api_data_view",
            "table_constraints": [],
            "table_id": "api_data_view",
            "time_partitioning": [],
            "type": "VIEW",
            "view": [
              {
                "query": "SELECT \n  *,\n  _FILE_NAME as source_file\nFROM `dt-emea-pod-hopper-05-dev.api_ingestion_dataset.api_data`\nLIMIT 1000\n",
                "use_legacy_sql": false
              }
            ]
          },
          "sensitive_attributes": [],
          "private": "bnVsbA==",
          "dependencies": [
            "google_bigquery_dataset.api_dataset",
            "google_bigquery_table.api_ingestion_table",
            "google_storage_bucket.data_bucket"
          ]
        }
      ]
    },
    {
      "mode": "managed",
      "type": "google_bigquery_table",
      "name": "api_ingestion_table",
      "provider": "provider[\"registry.terraform.io/hashicorp/google\"]",
      "instances": [
        {
          "schema_version": 0,
          "attributes": {
            "clustering": null,
            "creation_time": 1751544706466,
            "dataset_id": "api_ingestion_dataset",
            "deletion_protection": true,
            "description": "External table for API ingestion data",
            "encryption_configuration": [],
            "etag": "Pfo4PDsDxahzkaOJg30SFA==",
            "expiration_time": 1759320706466,
            "external_data_configuration": [
              {
                "autodetect": true,
                "avro_options": [],
                "compression": "NONE",
                "connection_id": "",
                "csv_options": [],
                "file_set_spec_type": "",
                "google_sheets_options": [],
                "hive_partitioning_options": [],
                "ignore_unknown_values": false,
                "json_options": [],
                "max_bad_records": 0,
                "metadata_cache_mode": "",
                "object_metadata": "",
                "parquet_options": [],
                "reference_file_schema_uri": "",
                "schema": "",
                "source_format": "NEWLINE_DELIMITED_JSON",
                "source_uris": [
                  "gs://run-sources-dt-emea-pod-hopper-05-dev-europe-west1/*"
                ]
              }
            ],
            "friendly_name": "",
            "id": "projects/dt-emea-pod-hopper-05-dev/datasets/api_ingestion_dataset/tables/api_data",
            "labels": {},
            "last_modified_time": 1751544706697,
            "location": "europe-west1",
            "materialized_view": [],
            "max_staleness": "",
            "num_bytes": 0,
            "num_long_term_bytes": 0,
            "num_rows": 0,
            "project": "dt-emea-pod-hopper-05-dev",
            "range_partitioning": [],
            "schema": "[{\"mode\":\"NULLABLE\",\"name\":\"test\",\"type\":\"STRING\"}]",
            "self_link": "https://bigquery.googleapis.com/bigquery/v2/projects/dt-emea-pod-hopper-05-dev/datasets/api_ingestion_dataset/tables/api_data",
            "table_constraints": [],
            "table_id": "api_data",
            "time_partitioning": [],
            "type": "EXTERNAL",
            "view": []
          },
          "sensitive_attributes": [],
          "private": "bnVsbA==",
          "dependencies": [
            "google_bigquery_dataset.api_dataset",
            "google_storage_bucket.data_bucket"
          ]
        }
      ]
    },
    {
      "mode": "managed",
      "type": "google_cloud_run_service",
      "name": "api_ingest",
      "provider": "provider[\"registry.terraform.io/hashicorp/google\"]",
      "instances": [
        {
          "schema_version": 1,
          "attributes": {
            "autogenerate_revision_name": false,
            "id": "locations/europe-west1/namespaces/dt-emea-pod-hopper-05-dev/services/api-ingest",
            "location": "europe-west1",
            "metadata": [
              {
                "annotations": {
                  "run.googleapis.com/build-base-image": "gcr.io/buildpacks/google-22/run",
                  "run.googleapis.com/build-enable-automatic-updates": "false",
                  "run.googleapis.com/build-id": "6eff9e2e-aac0-43dc-b141-65ab2a7f5508",
                  "run.googleapis.com/build-image-uri": "europe-west1-docker.pkg.dev/dt-emea-pod-hopper-05-dev/cloud-run-source-deploy/api-ingest",
                  "run.googleapis.com/build-name": "projects/95309625744/locations/europe-west1/builds/6eff9e2e-aac0-43dc-b141-65ab2a7f5508",
                  "run.googleapis.com/build-source-location": "gs://run-sources-dt-emea-pod-hopper-05-dev-europe-west1/services/api-ingest/1751464499.262846-6a97db62292145b992750963a0f9265d.zip#1751464508621505",
                  "run.googleapis.com/client-name": "gcloud",
                  "run.googleapis.com/client-version": "511.0.0",
                  "run.googleapis.com/ingress": "all",
                  "run.googleapis.com/ingress-status": "all",
                  "run.googleapis.com/operation-id": "ea9652bf-22a0-4527-8582-e9f6bf35f022",
                  "run.googleapis.com/urls": "[\"https://api-ingest-95309625744.europe-west1.run.app\",\"https://api-ingest-424zvnon7q-ew.a.run.app\"]",
                  "serving.knative.dev/creator": "olga.isakova@datatonic.com",
                  "serving.knative.dev/lastModifier": "olga.isakova@datatonic.com"
                },
                "generation": 14,
                "labels": {
                  "cloud.googleapis.com/location": "europe-west1"
                },
                "namespace": "dt-emea-pod-hopper-05-dev",
                "resource_version": "AAY5BXvAxE8",
                "self_link": "/apis/serving.knative.dev/v1/namespaces/95309625744/services/api-ingest",
                "uid": "2f30bc37-e6b9-4bfa-8afa-bd8bd1f54d07"
              }
            ],
            "name": "api-ingest",
            "project": "dt-emea-pod-hopper-05-dev",
            "status": [
              {
                "conditions": [
                  {
                    "message": "",
                    "reason": "",
                    "status": "True",
                    "type": "Ready"
                  },
                  {
                    "message": "",
                    "reason": "",
                    "status": "True",
                    "type": "ConfigurationsReady"
                  },
                  {
                    "message": "",
                    "reason": "",
                    "status": "True",
                    "type": "RoutesReady"
                  }
                ],
                "latest_created_revision_name": "api-ingest-00014-4m5",
                "latest_ready_revision_name": "api-ingest-00014-4m5",
                "observed_generation": 14,
                "traffic": [
                  {
                    "latest_revision": true,
                    "percent": 100,
                    "revision_name": "api-ingest-00014-4m5",
                    "tag": "",
                    "url": ""
                  }
                ],
                "url": "https://api-ingest-424zvnon7q-ew.a.run.app"
              }
            ],
            "template": [
              {
                "metadata": [
                  {
                    "annotations": {
                      "autoscaling.knative.dev/maxScale": "100",
                      "run.googleapis.com/client-name": "gcloud",
                      "run.googleapis.com/client-version": "511.0.0"
                    },
                    "generation": 0,
                    "labels": {
                      "client.knative.dev/nonce": "gikouoaeur",
                      "run.googleapis.com/startupProbeType": "Default"
                    },
                    "name": "",
                    "namespace": "",
                    "resource_version": "",
                    "self_link": "",
                    "uid": ""
                  }
                ],
                "spec": [
                  {
                    "container_concurrency": 80,
                    "containers": [
                      {
                        "args": [],
                        "command": [],
                        "env": [
                          {
                            "name": "GCS_BUCKET",
                            "value": "run-sources-dt-emea-pod-hopper-05-dev-europe-west1",
                            "value_from": []
                          }
                        ],
                        "env_from": [],
                        "image": "gcr.io/dt-emea-pod-hopper-05-dev/api-ingest:latest",
                        "liveness_probe": [],
                        "name": "",
                        "ports": [
                          {
                            "container_port": 8080,
                            "name": "http1",
                            "protocol": ""
                          }
                        ],
                        "resources": [
                          {
                            "limits": {
                              "cpu": "1000m",
                              "memory": "2Gi"
                            },
                            "requests": {}
                          }
                        ],
                        "startup_probe": [
                          {
                            "failure_threshold": 1,
                            "grpc": [],
                            "http_get": [],
                            "initial_delay_seconds": 0,
                            "period_seconds": 240,
                            "tcp_socket": [
                              {
                                "port": 8080
                              }
                            ],
                            "timeout_seconds": 240
                          }
                        ],
                        "volume_mounts": [],
                        "working_dir": ""
                      }
                    ],
                    "service_account_name": "cloud-run-sa@dt-emea-pod-hopper-05-dev.iam.gserviceaccount.com",
                    "serving_state": "",
                    "timeout_seconds": 300,
                    "volumes": []
                  }
                ]
              }
            ],
            "timeouts": null,
            "traffic": [
              {
                "latest_revision": true,
                "percent": 100,
                "revision_name": "",
                "tag": "",
                "url": ""
              }
            ]
          },
          "sensitive_attributes": [],
          "private": "eyJlMmJmYjczMC1lY2FhLTExZTYtOGY4OC0zNDM2M2JjN2M0YzAiOnsiY3JlYXRlIjoxMjAwMDAwMDAwMDAwLCJkZWxldGUiOjEyMDAwMDAwMDAwMDAsInVwZGF0ZSI6MTIwMDAwMDAwMDAwMH0sInNjaGVtYV92ZXJzaW9uIjoiMSJ9",
          "dependencies": [
            "google_service_account.cloud_run_sa",
            "google_storage_bucket.data_bucket"
          ]
        }
      ]
    },
    {
      "mode": "managed",
      "type": "google_cloud_run_service_iam_member",
      "name": "invoker",
      "provider": "provider[\"registry.terraform.io/hashicorp/google\"]",
      "instances": [
        {
          "schema_version": 0,
          "attributes": {
            "condition": [],
            "etag": "BwY5BXor3aw=",
            "id": "v1/projects/dt-emea-pod-hopper-05-dev/locations/europe-west1/services/api-ingest/roles/run.invoker/allUsers",
            "location": "europe-west1",
            "member": "allUsers",
            "project": "dt-emea-pod-hopper-05-dev",
            "role": "roles/run.invoker",
            "service": "v1/projects/dt-emea-pod-hopper-05-dev/locations/europe-west1/services/api-ingest"
          },
          "sensitive_attributes": [],
          "private": "bnVsbA==",
          "dependencies": [
            "google_cloud_run_service.api_ingest",
            "google_service_account.cloud_run_sa",
            "google_storage_bucket.data_bucket"
          ]
        }
      ]
    },
    {
      "mode": "managed",
      "type": "google_project_iam_member",
      "name": "bigquery_data_viewer",
      "provider": "provider[\"registry.terraform.io/hashicorp/google\"]",
      "instances": [
        {
          "schema_version": 0,
          "attributes": {
            "condition": [],
            "etag": "BwY5BTdJHPM=",
            "id": "dt-emea-pod-hopper-05-dev/roles/bigquery.dataViewer/serviceAccount:cloud-run-sa@dt-emea-pod-hopper-05-dev.iam.gserviceaccount.com",
            "member": "serviceAccount:cloud-run-sa@dt-emea-pod-hopper-05-dev.iam.gserviceaccount.com",
            "project": "dt-emea-pod-hopper-05-dev",
            "role": "roles/bigquery.dataViewer"
          },
          "sensitive_attributes": [],
          "private": "bnVsbA==",
          "dependencies": [
            "google_service_account.cloud_run_sa"
          ]
        }
      ]
    },
    {
      "mode": "managed",
      "type": "google_project_iam_member",
      "name": "bigquery_job_user",
      "provider": "provider[\"registry.terraform.io/hashicorp/google\"]",
      "instances": [
        {
          "schema_version": 0,
          "attributes": {
            "condition": [],
            "etag": "BwY5BTdJHPM=",
            "id": "dt-emea-pod-hopper-05-dev/roles/bigquery.jobUser/serviceAccount:cloud-run-sa@dt-emea-pod-hopper-05-dev.iam.gserviceaccount.com",
            "member": "serviceAccount:cloud-run-sa@dt-emea-pod-hopper-05-dev.iam.gserviceaccount.com",
            "project": "dt-emea-pod-hopper-05-dev",
            "role": "roles/bigquery.jobUser"
          },
          "sensitive_attributes": [],
          "private": "bnVsbA==",
          "dependencies": [
            "google_service_account.cloud_run_sa"
          ]
        }
      ]
    },
    {
      "mode": "managed",
      "type": "google_project_iam_member",
      "name": "cloud_run_service_agent",
      "provider": "provider[\"registry.terraform.io/hashicorp/google\"]",
      "instances": [
        {
          "schema_version": 0,
          "attributes": {
            "condition": [],
            "etag": "BwY5BTdJHPM=",
            "id": "dt-emea-pod-hopper-05-dev/roles/run.serviceAgent/serviceAccount:cloud-run-sa@dt-emea-pod-hopper-05-dev.iam.gserviceaccount.com",
            "member": "serviceAccount:cloud-run-sa@dt-emea-pod-hopper-05-dev.iam.gserviceaccount.com",
            "project": "dt-emea-pod-hopper-05-dev",
            "role": "roles/run.serviceAgent"
          },
          "sensitive_attributes": [],
          "private": "bnVsbA==",
          "dependencies": [
            "google_service_account.cloud_run_sa"
          ]
        }
      ]
    },
    {
      "mode": "managed",
      "type": "google_project_iam_member",
      "name": "workflow_invoker",
      "provider": "provider[\"registry.terraform.io/hashicorp/google\"]",
      "instances": [
        {
          "schema_version": 0,
          "attributes": {
            "condition": [],
            "etag": "BwY5BTdJHPM=",
            "id": "dt-emea-pod-hopper-05-dev/roles/workflows.invoker/serviceAccount:cloud-run-sa@dt-emea-pod-hopper-05-dev.iam.gserviceaccount.com",
            "member": "serviceAccount:cloud-run-sa@dt-emea-pod-hopper-05-dev.iam.gserviceaccount.com",
            "project": "dt-emea-pod-hopper-05-dev",
            "role": "roles/workflows.invoker"
          },
          "sensitive_attributes": [],
          "private": "bnVsbA==",
          "dependencies": [
            "google_service_account.cloud_run_sa"
          ]
        }
      ]
    },
    {
      "mode": "managed",
      "type": "google_project_service",
      "name": "bigquery",
      "provider": "provider[\"registry.terraform.io/hashicorp/google\"]",
      "instances": [
        {
          "schema_version": 0,
          "attributes": {
            "disable_dependent_services": null,
            "disable_on_destroy": false,
            "id": "dt-emea-pod-hopper-05-dev/bigquery.googleapis.com",
            "project": "dt-emea-pod-hopper-05-dev",
            "service": "bigquery.googleapis.com",
            "timeouts": null
          },
          "sensitive_attributes": [],
          "private": "eyJlMmJmYjczMC1lY2FhLTExZTYtOGY4OC0zNDM2M2JjN2M0YzAiOnsiY3JlYXRlIjoxMjAwMDAwMDAwMDAwLCJkZWxldGUiOjEyMDAwMDAwMDAwMDAsInJlYWQiOjYwMDAwMDAwMDAwMCwidXBkYXRlIjoxMjAwMDAwMDAwMDAwfX0="
        }
      ]
    },
    {
      "mode": "managed",
      "type": "google_project_service",
      "name": "cloudbuild",
      "provider": "provider[\"registry.terraform.io/hashicorp/google\"]",
      "instances": [
        {
          "schema_version": 0,
          "attributes": {
            "disable_dependent_services": null,
            "disable_on_destroy": false,
            "id": "dt-emea-pod-hopper-05-dev/cloudbuild.googleapis.com",
            "project": "dt-emea-pod-hopper-05-dev",
            "service": "cloudbuild.googleapis.com",
            "timeouts": null
          },
          "sensitive_attributes": [],
          "private": "eyJlMmJmYjczMC1lY2FhLTExZTYtOGY4OC0zNDM2M2JjN2M0YzAiOnsiY3JlYXRlIjoxMjAwMDAwMDAwMDAwLCJkZWxldGUiOjEyMDAwMDAwMDAwMDAsInJlYWQiOjYwMDAwMDAwMDAwMCwidXBkYXRlIjoxMjAwMDAwMDAwMDAwfX0="
        }
      ]
    },
    {
      "mode": "managed",
      "type": "google_project_service",
      "name": "run",
      "provider": "provider[\"registry.terraform.io/hashicorp/google\"]",
      "instances": [
        {
          "schema_version": 0,
          "attributes": {
            "disable_dependent_services": null,
            "disable_on_destroy": false,
            "id": "dt-emea-pod-hopper-05-dev/run.googleapis.com",
            "project": "dt-emea-pod-hopper-05-dev",
            "service": "run.googleapis.com",
            "timeouts": null
          },
          "sensitive_attributes": [],
          "private": "eyJlMmJmYjczMC1lY2FhLTExZTYtOGY4OC0zNDM2M2JjN2M0YzAiOnsiY3JlYXRlIjoxMjAwMDAwMDAwMDAwLCJkZWxldGUiOjEyMDAwMDAwMDAwMDAsInJlYWQiOjYwMDAwMDAwMDAwMCwidXBkYXRlIjoxMjAwMDAwMDAwMDAwfX0="
        }
      ]
    },
    {
      "mode": "managed",
      "type": "google_project_service",
      "name": "storage",
      "provider": "provider[\"registry.terraform.io/hashicorp/google\"]",
      "instances": [
        {
          "schema_version": 0,
          "attributes": {
            "disable_dependent_services": null,
            "disable_on_destroy": false,
            "id": "dt-emea-pod-hopper-05-dev/storage.googleapis.com",
            "project": "dt-emea-pod-hopper-05-dev",
            "service": "storage.googleapis.com",
            "timeouts": null
          },
          "sensitive_attributes": [],
          "private": "eyJlMmJmYjczMC1lY2FhLTExZTYtOGY4OC0zNDM2M2JjN2M0YzAiOnsiY3JlYXRlIjoxMjAwMDAwMDAwMDAwLCJkZWxldGUiOjEyMDAwMDAwMDAwMDAsInJlYWQiOjYwMDAwMDAwMDAwMCwidXBkYXRlIjoxMjAwMDAwMDAwMDAwfX0="
        }
      ]
    },
    {
      "mode": "managed",
      "type": "google_project_service",
      "name": "workflow_executions",
      "provider": "provider[\"registry.terraform.io/hashicorp/google\"]",
      "instances": [
        {
          "schema_version": 0,
          "attributes": {
            "disable_dependent_services": null,
            "disable_on_destroy": false,
            "id": "dt-emea-pod-hopper-05-dev/workflowexecutions.googleapis.com",
            "project": "dt-emea-pod-hopper-05-dev",
            "service": "workflowexecutions.googleapis.com",
            "timeouts": null
          },
          "sensitive_attributes": [],
          "private": "eyJlMmJmYjczMC1lY2FhLTExZTYtOGY4OC0zNDM2M2JjN2M0YzAiOnsiY3JlYXRlIjoxMjAwMDAwMDAwMDAwLCJkZWxldGUiOjEyMDAwMDAwMDAwMDAsInJlYWQiOjYwMDAwMDAwMDAwMCwidXBkYXRlIjoxMjAwMDAwMDAwMDAwfX0="
        }
      ]
    },
    {
      "mode": "managed",
      "type": "google_project_service",
      "name": "workflows",
      "provider": "provider[\"registry.terraform.io/hashicorp/google\"]",
      "instances": [
        {
          "schema_version": 0,
          "attributes": {
            "disable_dependent_services": null,
            "disable_on_destroy": false,
            "id": "dt-emea-pod-hopper-05-dev/workflows.googleapis.com",
            "project": "dt-emea-pod-hopper-05-dev",
            "service": "workflows.googleapis.com",
            "timeouts": null
          },
          "sensitive_attributes": [],
          "private": "eyJlMmJmYjczMC1lY2FhLTExZTYtOGY4OC0zNDM2M2JjN2M0YzAiOnsiY3JlYXRlIjoxMjAwMDAwMDAwMDAwLCJkZWxldGUiOjEyMDAwMDAwMDAwMDAsInJlYWQiOjYwMDAwMDAwMDAwMCwidXBkYXRlIjoxMjAwMDAwMDAwMDAwfX0="
        }
      ]
    },
    {
      "mode": "managed",
      "type": "google_service_account",
      "name": "cloud_run_sa",
      "provider": "provider[\"registry.terraform.io/hashicorp/google\"]",
      "instances": [
        {
          "schema_version": 0,
          "attributes": {
            "account_id": "cloud-run-sa",
            "description": "",
            "disabled": false,
            "display_name": "Cloud Run service account",
            "email": "cloud-run-sa@dt-emea-pod-hopper-05-dev.iam.gserviceaccount.com",
            "id": "projects/dt-emea-pod-hopper-05-dev/serviceAccounts/cloud-run-sa@dt-emea-pod-hopper-05-dev.iam.gserviceaccount.com",
            "member": "serviceAccount:cloud-run-sa@dt-emea-pod-hopper-05-dev.iam.gserviceaccount.com",
            "name": "projects/dt-emea-pod-hopper-05-dev/serviceAccounts/cloud-run-sa@dt-emea-pod-hopper-05-dev.iam.gserviceaccount.com",
            "project": "dt-emea-pod-hopper-05-dev",
            "timeouts": null,
            "unique_id": "105557266090579757201"
          },
          "sensitive_attributes": [],
          "private": "eyJlMmJmYjczMC1lY2FhLTExZTYtOGY4OC0zNDM2M2JjN2M0YzAiOnsiY3JlYXRlIjozMDAwMDAwMDAwMDB9fQ=="
        }
      ]
    },
    {
      "mode": "managed",
      "type": "google_storage_bucket",
      "name": "data_bucket",
      "provider": "provider[\"registry.terraform.io/hashicorp/google\"]",
      "instances": [
        {
          "schema_version": 0,
          "attributes": {
            "autoclass": [],
            "cors": [],
            "custom_placement_config": [],
            "default_event_based_hold": false,
            "encryption": [],
            "force_destroy": false,
            "id": "run-sources-dt-emea-pod-hopper-05-dev-europe-west1",
            "labels": {},
            "lifecycle_rule": [],
            "location": "EUROPE-WEST1",
            "logging": [],
            "name": "run-sources-dt-emea-pod-hopper-05-dev-europe-west1",
            "project": "dt-emea-pod-hopper-05-dev",
            "public_access_prevention": "inherited",
            "requester_pays": false,
            "retention_policy": [],
            "self_link": "https://www.googleapis.com/storage/v1/b/run-sources-dt-emea-pod-hopper-05-dev-europe-west1",
            "soft_delete_policy": [
              {
                "effective_time": "2025-07-02T13:54:59.166Z",
                "retention_duration_seconds": 604800
              }
            ],
            "storage_class": "STANDARD",
            "timeouts": null,
            "uniform_bucket_level_access": true,
            "url": "gs://run-sources-dt-emea-pod-hopper-05-dev-europe-west1",
            "versioning": [],
            "website": []
          },
          "sensitive_attributes": [],
          "private": "eyJlMmJmYjczMC1lY2FhLTExZTYtOGY4OC0zNDM2M2JjN2M0YzAiOnsiY3JlYXRlIjo2MDAwMDAwMDAwMDAsInJlYWQiOjI0MDAwMDAwMDAwMCwidXBkYXRlIjoyNDAwMDAwMDAwMDB9fQ=="
        }
      ]
    },
    {
      "mode": "managed",
      "type": "google_storage_bucket_iam_member",
      "name": "bucket_writer",
      "provider": "provider[\"registry.terraform.io/hashicorp/google\"]",
      "instances": [
        {
          "schema_version": 0,
          "attributes": {
            "bucket": "b/run-sources-dt-emea-pod-hopper-05-dev-europe-west1",
            "condition": [],
            "etag": "CAM=",
            "id": "b/run-sources-dt-emea-pod-hopper-05-dev-europe-west1/roles/storage.objectCreator/serviceAccount:cloud-run-sa@dt-emea-pod-hopper-05-dev.iam.gserviceaccount.com",
            "member": "serviceAccount:cloud-run-sa@dt-emea-pod-hopper-05-dev.iam.gserviceaccount.com",
            "role": "roles/storage.objectCreator"
          },
          "sensitive_attributes": [],
          "private": "bnVsbA==",
          "dependencies": [
            "google_service_account.cloud_run_sa",
            "google_storage_bucket.data_bucket"
          ]
        }
      ]
    }
  ],
  "check_results": null
}
